
Microsoft Visual Studio Solution File, Format Version 12.00
# Visual Studio 15
VisualStudioVersion = 15.0.28307.572
MinimumVisualStudioVersion = 10.0.40219.1
Project("{8BC9CEB8-8B4A-11D0-8D11-00A0C91BC942}") = "syntax_analyzer", "syntax_analyzer\syntax_analyzer.vcxproj", "{47FBA7BE-2202-41E8-BFE7-3E2D5D74AECB}"
EndProject
Global
	GlobalSection(SolutionConfigurationPlatforms) = preSolution
		Debug|x64 = Debug|x64
		Debug|x86 = Debug|x86
		Release|x64 = Release|x64
		Release|x86 = Release|x86
	EndGlobalSection
	GlobalSection(ProjectConfigurationPlatforms) = postSolution
		{47FBA7BE-2202-41E8-BFE7-3E2D5D74AECB}.Debug|x64.ActiveCfg = Debug|x64
		{47FBA7BE-2202-41E8-BFE7-3E2D5D74AECB}.Debug|x64.Build.0 = Debug|x64
		{47FBA7BE-2202-41E8-BFE7-3E2D5D74AECB}.Debug|x86.ActiveCfg = Debug|Win32
		{47FBA7BE-2202-41E8-BFE7-3E2D5D74AECB}.Debug|x86.Build.0 = Debug|Win32
		{47FBA7BE-2202-41E8-BFE7-3E2D5D74AECB}.Release|x64.ActiveCfg = Release|x64
		{47FBA7BE-2202-41E8-BFE7-3E2D5D74AECB}.Release|x64.Build.0 = Release|x64
		{47FBA7BE-2202-41E8-BFE7-3E2D5D74AECB}.Release|x86.ActiveCfg = Release|Win32
		{47FBA7BE-2202-41E8-BFE7-3E2D5D74AECB}.Release|x86.Build.0 = Release|Win32
	EndGlobalSection
	GlobalSection(SolutionProperties) = preSolution
		HideSolutionNode = FALSE
	EndGlobalSection
	GlobalSection(ExtensibilityGlobals) = postSolution
		SolutionGuid = {3F47A6AE-7B25-4BA1-89BD-BA18ECD44742}
	EndGlobalSection
EndGlobal
